<?xml version="1.0" encoding="utf-8"?>
<Project ToolsVersion="4.0" xmlns="http://schemas.microsoft.com/developer/msbuild/2003">
  <ItemGroup>
    <Filter Include="소스 파일">
      <UniqueIdentifier>{4FC737F1-C7A5-4376-A066-2A32D752A2FF}</UniqueIdentifier>
      <Extensions>cpp;c;cc;cxx;c++;cppm;ixx;def;odl;idl;hpj;bat;asm;asmx</Extensions>
    </Filter>
    <Filter Include="헤더 파일">
      <UniqueIdentifier>{93995380-89BD-4b04-88EB-625FBE52EBFB}</UniqueIdentifier>
      <Extensions>h;hh;hpp;hxx;h++;hm;inl;inc;ipp;xsd</Extensions>
    </Filter>
    <Filter Include="리소스 파일">
      <UniqueIdentifier>{67DA6AB6-F800-4c08-8B7A-83BB121AAD01}</UniqueIdentifier>
      <Extensions>rc;ico;cur;bmp;dlg;rc2;rct;bin;rgs;gif;jpg;jpeg;jpe;resx;tiff;tif;png;wav;mfcribbon-ms</Extensions>
    </Filter>
    <Filter Include="소스 파일\api">
      <UniqueIdentifier>{79995292-134d-49ab-a6f6-f2df3e9f1125}</UniqueIdentifier>
    </Filter>
    <Filter Include="소스 파일\test">
      <UniqueIdentifier>{0dcf8e05-c533-4895-bed0-faaf6918419e}</UniqueIdentifier>
    </Filter>
    <Filter Include="소스 파일\driver">
      <UniqueIdentifier>{289aab9a-61f6-458e-9a2b-b95b9bbf0698}</UniqueIdentifier>
    </Filter>
    <Filter Include="소스 파일\app">
      <UniqueIdentifier>{08a49de2-831a-40b5-af28-10c78e7e556f}</UniqueIdentifier>
    </Filter>
  </ItemGroup>
  <ItemGroup>
    <None Include="packages.config" />
  </ItemGroup>
  <ItemGroup>
    <ClCompile Include="kiwer_api.cpp">
      <Filter>소스 파일\api</Filter>
    </ClCompile>
    <ClCompile Include="nemo_api.cpp">
      <Filter>소스 파일\api</Filter>
    </ClCompile>
    <ClCompile Include="main.cpp">
      <Filter>소스 파일</Filter>
    </ClCompile>
    <ClCompile Include="nemo_test.cpp">
      <Filter>소스 파일\test</Filter>
    </ClCompile>
    <ClCompile Include="kiwer_test.cpp">
      <Filter>소스 파일\test</Filter>
    </ClCompile>
    <ClCompile Include="auto_trading_system.cpp">
      <Filter>소스 파일\app</Filter>
    </ClCompile>
    <ClCompile Include="auto_trading_system_test.cpp">
      <Filter>소스 파일\test</Filter>
    </ClCompile>
  </ItemGroup>
  <ItemGroup>
    <ClInclude Include="auto_trading_system.h">
      <Filter>헤더 파일</Filter>
    </ClInclude>
  </ItemGroup>
</Project>